# This file was autogenerated by Stack.
# You should not edit this file by hand.
# For more information, please see the documentation at:
#   https://docs.haskellstack.org/en/stable/lock_files

packages:
- completed:
    name: telegram-bot-simple
    version: 0.2.0
    git: https://github.com/fizruk/telegram-bot-simple.git
    pantry-tree:
      size: 2047
      sha256: a6480547802eeb2dd1ef8e01eec180ff16c03b75d57ab807c9b77907decef0e6
    commit: 0272c20a2a51c52e96e0ab86768d575cce9923b1
  original:
    git: https://github.com/fizruk/telegram-bot-simple.git
    commit: 0272c20a2a51c52e96e0ab86768d575cce9923b1
- completed:
    hackage: docker-0.6.0.2@sha256:9f76513671c407b3c102b4ce9bde6f2f1009ca0f218c7cf024b8e8a944d8a6f9,4044
    pantry-tree:
      size: 654
      sha256: a421baec11539ec879c15eebef2858b675c96dbf93fab7ba9830d8fa23403355
  original:
    hackage: docker-0.6.0.2
- completed:
    hackage: http-client-0.5.14@sha256:4880b27d6741e331454a1d4c887d96ce3d7d625322c8433983a4b1cd08538577,5348
    pantry-tree:
      size: 2457
      sha256: 02bcffba9cad572fefb4640f5fc9be68e770b32ab73efcac649db20290994c6d
  original:
    hackage: http-client-0.5.14
- completed:
    hackage: split-0.2.3.4@sha256:bad9bfc9e8e0aca4ac1f7b3a2767ee6b1c199d4a1b6960db5cc3d7674aee5d73,2564
    pantry-tree:
      size: 439
      sha256: d931baa404f6867a23ed342c11ef27613227a7a82ba2324f95da184fffad0bd9
  original:
    hackage: split-0.2.3.4
snapshots:
- completed:
    size: 523454
    url: https://raw.githubusercontent.com/commercialhaskell/stackage-snapshots/master/lts/14/2.yaml
    sha256: 593deeb8366fd69b9e3b7611759ecee87d0d76c08c2ba363b38b7fb119e9fc22
  original: lts-14.2
